
Microsoft Visual Studio Solution File, Format Version 12.00
# Visual Studio Version 17
VisualStudioVersion = 17.8.34330.188
MinimumVisualStudioVersion = 10.0.40219.1
Project("{8BC9CEB8-8B4A-11D0-8D11-00A0C91BC942}") = "c++_mj", "c++_mj\c++_mj.vcxproj", "{7487D424-E584-49FA-B955-5A33133623AE}"
EndProject
Project("{8BC9CEB8-8B4A-11D0-8D11-00A0C91BC942}") = "MyPrintf", "MyPrintf\MyPrintf.vcxproj", "{E015DF1A-5955-49F4-9900-F091052C01BF}"
EndProject
Project("{8BC9CEB8-8B4A-11D0-8D11-00A0C91BC942}") = "032_TextRpgStart", "032_TextRpgStart\032_TextRpgStart.vcxproj", "{B95003F3-6547-4DF8-B4EF-13EC98D26820}"
EndProject
Project("{8BC9CEB8-8B4A-11D0-8D11-00A0C91BC942}") = "033_Random", "033_Random\033_Random.vcxproj", "{F0BA9EB8-FA65-48A4-842F-9B6835A02E0C}"
EndProject
Project("{8BC9CEB8-8B4A-11D0-8D11-00A0C91BC942}") = "ConsoleGame", "ConsoleGame\ConsoleGame.vcxproj", "{AB6C38F4-C2A5-49B3-836E-6555A8E45D9E}"
EndProject
Project("{2150E333-8FDC-42A3-9474-1A3956D46DE8}") = "Game", "Game", "{C9BBF7B9-9A80-4EE0-AFA4-95DE44DEDDD2}"
EndProject
Project("{8BC9CEB8-8B4A-11D0-8D11-00A0C91BC942}") = "ConsoleGame1", "ConsoleGame1\ConsoleGame1.vcxproj", "{8F8C1DE3-B5A1-4B86-860E-43A684532F15}"
EndProject
Project("{8BC9CEB8-8B4A-11D0-8D11-00A0C91BC942}") = "051_HeaderandCpp", "051_HeaderandCpp\051_HeaderandCpp.vcxproj", "{7095C509-4D30-4D76-B88D-4DCC03A4F724}"
EndProject
Project("{8BC9CEB8-8B4A-11D0-8D11-00A0C91BC942}") = "consolegame_origine", "consolegame_origine\consolegame_origine.vcxproj", "{7CE6E87C-AABD-4287-9339-B540E298B9F4}"
EndProject
Project("{8BC9CEB8-8B4A-11D0-8D11-00A0C91BC942}") = "ConsoleGame", "..\..\GM\GM\Cpp\ConsoleGame\ConsoleGame.vcxproj", "{7B1EA69D-D6D9-4F9D-9B06-BE032AFB62EA}"
EndProject
Project("{8BC9CEB8-8B4A-11D0-8D11-00A0C91BC942}") = "057", "057\057.vcxproj", "{EAB503F2-DB18-4B0E-97CC-A5C027ABC926}"
EndProject
Project("{8BC9CEB8-8B4A-11D0-8D11-00A0C91BC942}") = "TextRpg", "TextRpg\TextRpg.vcxproj", "{BE03D7C9-02C0-4833-A6BF-67D3AE2C3F69}"
EndProject
Project("{8BC9CEB8-8B4A-11D0-8D11-00A0C91BC942}") = "stringContains", "stringContains\stringContains.vcxproj", "{CAAEB533-F961-480B-9EAC-DD7B1CDD67CA}"
EndProject
Global
	GlobalSection(SolutionConfigurationPlatforms) = preSolution
		Debug|x64 = Debug|x64
		Debug|x86 = Debug|x86
		Release|x64 = Release|x64
		Release|x86 = Release|x86
	EndGlobalSection
	GlobalSection(ProjectConfigurationPlatforms) = postSolution
		{7487D424-E584-49FA-B955-5A33133623AE}.Debug|x64.ActiveCfg = Debug|x64
		{7487D424-E584-49FA-B955-5A33133623AE}.Debug|x64.Build.0 = Debug|x64
		{7487D424-E584-49FA-B955-5A33133623AE}.Debug|x86.ActiveCfg = Debug|Win32
		{7487D424-E584-49FA-B955-5A33133623AE}.Debug|x86.Build.0 = Debug|Win32
		{7487D424-E584-49FA-B955-5A33133623AE}.Release|x64.ActiveCfg = Release|x64
		{7487D424-E584-49FA-B955-5A33133623AE}.Release|x64.Build.0 = Release|x64
		{7487D424-E584-49FA-B955-5A33133623AE}.Release|x86.ActiveCfg = Release|Win32
		{7487D424-E584-49FA-B955-5A33133623AE}.Release|x86.Build.0 = Release|Win32
		{E015DF1A-5955-49F4-9900-F091052C01BF}.Debug|x64.ActiveCfg = Debug|x64
		{E015DF1A-5955-49F4-9900-F091052C01BF}.Debug|x64.Build.0 = Debug|x64
		{E015DF1A-5955-49F4-9900-F091052C01BF}.Debug|x86.ActiveCfg = Debug|Win32
		{E015DF1A-5955-49F4-9900-F091052C01BF}.Debug|x86.Build.0 = Debug|Win32
		{E015DF1A-5955-49F4-9900-F091052C01BF}.Release|x64.ActiveCfg = Release|x64
		{E015DF1A-5955-49F4-9900-F091052C01BF}.Release|x64.Build.0 = Release|x64
		{E015DF1A-5955-49F4-9900-F091052C01BF}.Release|x86.ActiveCfg = Release|Win32
		{E015DF1A-5955-49F4-9900-F091052C01BF}.Release|x86.Build.0 = Release|Win32
		{B95003F3-6547-4DF8-B4EF-13EC98D26820}.Debug|x64.ActiveCfg = Debug|x64
		{B95003F3-6547-4DF8-B4EF-13EC98D26820}.Debug|x64.Build.0 = Debug|x64
		{B95003F3-6547-4DF8-B4EF-13EC98D26820}.Debug|x86.ActiveCfg = Debug|Win32
		{B95003F3-6547-4DF8-B4EF-13EC98D26820}.Debug|x86.Build.0 = Debug|Win32
		{B95003F3-6547-4DF8-B4EF-13EC98D26820}.Release|x64.ActiveCfg = Release|x64
		{B95003F3-6547-4DF8-B4EF-13EC98D26820}.Release|x64.Build.0 = Release|x64
		{B95003F3-6547-4DF8-B4EF-13EC98D26820}.Release|x86.ActiveCfg = Release|Win32
		{B95003F3-6547-4DF8-B4EF-13EC98D26820}.Release|x86.Build.0 = Release|Win32
		{F0BA9EB8-FA65-48A4-842F-9B6835A02E0C}.Debug|x64.ActiveCfg = Debug|x64
		{F0BA9EB8-FA65-48A4-842F-9B6835A02E0C}.Debug|x64.Build.0 = Debug|x64
		{F0BA9EB8-FA65-48A4-842F-9B6835A02E0C}.Debug|x86.ActiveCfg = Debug|Win32
		{F0BA9EB8-FA65-48A4-842F-9B6835A02E0C}.Debug|x86.Build.0 = Debug|Win32
		{F0BA9EB8-FA65-48A4-842F-9B6835A02E0C}.Release|x64.ActiveCfg = Release|x64
		{F0BA9EB8-FA65-48A4-842F-9B6835A02E0C}.Release|x64.Build.0 = Release|x64
		{F0BA9EB8-FA65-48A4-842F-9B6835A02E0C}.Release|x86.ActiveCfg = Release|Win32
		{F0BA9EB8-FA65-48A4-842F-9B6835A02E0C}.Release|x86.Build.0 = Release|Win32
		{AB6C38F4-C2A5-49B3-836E-6555A8E45D9E}.Debug|x64.ActiveCfg = Debug|x64
		{AB6C38F4-C2A5-49B3-836E-6555A8E45D9E}.Debug|x64.Build.0 = Debug|x64
		{AB6C38F4-C2A5-49B3-836E-6555A8E45D9E}.Debug|x86.ActiveCfg = Debug|Win32
		{AB6C38F4-C2A5-49B3-836E-6555A8E45D9E}.Debug|x86.Build.0 = Debug|Win32
		{AB6C38F4-C2A5-49B3-836E-6555A8E45D9E}.Release|x64.ActiveCfg = Release|x64
		{AB6C38F4-C2A5-49B3-836E-6555A8E45D9E}.Release|x64.Build.0 = Release|x64
		{AB6C38F4-C2A5-49B3-836E-6555A8E45D9E}.Release|x86.ActiveCfg = Release|Win32
		{AB6C38F4-C2A5-49B3-836E-6555A8E45D9E}.Release|x86.Build.0 = Release|Win32
		{8F8C1DE3-B5A1-4B86-860E-43A684532F15}.Debug|x64.ActiveCfg = Debug|x64
		{8F8C1DE3-B5A1-4B86-860E-43A684532F15}.Debug|x64.Build.0 = Debug|x64
		{8F8C1DE3-B5A1-4B86-860E-43A684532F15}.Debug|x86.ActiveCfg = Debug|Win32
		{8F8C1DE3-B5A1-4B86-860E-43A684532F15}.Debug|x86.Build.0 = Debug|Win32
		{8F8C1DE3-B5A1-4B86-860E-43A684532F15}.Release|x64.ActiveCfg = Release|x64
		{8F8C1DE3-B5A1-4B86-860E-43A684532F15}.Release|x64.Build.0 = Release|x64
		{8F8C1DE3-B5A1-4B86-860E-43A684532F15}.Release|x86.ActiveCfg = Release|Win32
		{8F8C1DE3-B5A1-4B86-860E-43A684532F15}.Release|x86.Build.0 = Release|Win32
		{7095C509-4D30-4D76-B88D-4DCC03A4F724}.Debug|x64.ActiveCfg = Debug|x64
		{7095C509-4D30-4D76-B88D-4DCC03A4F724}.Debug|x64.Build.0 = Debug|x64
		{7095C509-4D30-4D76-B88D-4DCC03A4F724}.Debug|x86.ActiveCfg = Debug|Win32
		{7095C509-4D30-4D76-B88D-4DCC03A4F724}.Debug|x86.Build.0 = Debug|Win32
		{7095C509-4D30-4D76-B88D-4DCC03A4F724}.Release|x64.ActiveCfg = Release|x64
		{7095C509-4D30-4D76-B88D-4DCC03A4F724}.Release|x64.Build.0 = Release|x64
		{7095C509-4D30-4D76-B88D-4DCC03A4F724}.Release|x86.ActiveCfg = Release|Win32
		{7095C509-4D30-4D76-B88D-4DCC03A4F724}.Release|x86.Build.0 = Release|Win32
		{7CE6E87C-AABD-4287-9339-B540E298B9F4}.Debug|x64.ActiveCfg = Debug|x64
		{7CE6E87C-AABD-4287-9339-B540E298B9F4}.Debug|x64.Build.0 = Debug|x64
		{7CE6E87C-AABD-4287-9339-B540E298B9F4}.Debug|x86.ActiveCfg = Debug|Win32
		{7CE6E87C-AABD-4287-9339-B540E298B9F4}.Debug|x86.Build.0 = Debug|Win32
		{7CE6E87C-AABD-4287-9339-B540E298B9F4}.Release|x64.ActiveCfg = Release|x64
		{7CE6E87C-AABD-4287-9339-B540E298B9F4}.Release|x64.Build.0 = Release|x64
		{7CE6E87C-AABD-4287-9339-B540E298B9F4}.Release|x86.ActiveCfg = Release|Win32
		{7CE6E87C-AABD-4287-9339-B540E298B9F4}.Release|x86.Build.0 = Release|Win32
		{7B1EA69D-D6D9-4F9D-9B06-BE032AFB62EA}.Debug|x64.ActiveCfg = Debug|x64
		{7B1EA69D-D6D9-4F9D-9B06-BE032AFB62EA}.Debug|x64.Build.0 = Debug|x64
		{7B1EA69D-D6D9-4F9D-9B06-BE032AFB62EA}.Debug|x86.ActiveCfg = Debug|Win32
		{7B1EA69D-D6D9-4F9D-9B06-BE032AFB62EA}.Debug|x86.Build.0 = Debug|Win32
		{7B1EA69D-D6D9-4F9D-9B06-BE032AFB62EA}.Release|x64.ActiveCfg = Release|x64
		{7B1EA69D-D6D9-4F9D-9B06-BE032AFB62EA}.Release|x64.Build.0 = Release|x64
		{7B1EA69D-D6D9-4F9D-9B06-BE032AFB62EA}.Release|x86.ActiveCfg = Release|Win32
		{7B1EA69D-D6D9-4F9D-9B06-BE032AFB62EA}.Release|x86.Build.0 = Release|Win32
		{EAB503F2-DB18-4B0E-97CC-A5C027ABC926}.Debug|x64.ActiveCfg = Debug|x64
		{EAB503F2-DB18-4B0E-97CC-A5C027ABC926}.Debug|x64.Build.0 = Debug|x64
		{EAB503F2-DB18-4B0E-97CC-A5C027ABC926}.Debug|x86.ActiveCfg = Debug|Win32
		{EAB503F2-DB18-4B0E-97CC-A5C027ABC926}.Debug|x86.Build.0 = Debug|Win32
		{EAB503F2-DB18-4B0E-97CC-A5C027ABC926}.Release|x64.ActiveCfg = Release|x64
		{EAB503F2-DB18-4B0E-97CC-A5C027ABC926}.Release|x64.Build.0 = Release|x64
		{EAB503F2-DB18-4B0E-97CC-A5C027ABC926}.Release|x86.ActiveCfg = Release|Win32
		{EAB503F2-DB18-4B0E-97CC-A5C027ABC926}.Release|x86.Build.0 = Release|Win32
		{BE03D7C9-02C0-4833-A6BF-67D3AE2C3F69}.Debug|x64.ActiveCfg = Debug|x64
		{BE03D7C9-02C0-4833-A6BF-67D3AE2C3F69}.Debug|x64.Build.0 = Debug|x64
		{BE03D7C9-02C0-4833-A6BF-67D3AE2C3F69}.Debug|x86.ActiveCfg = Debug|Win32
		{BE03D7C9-02C0-4833-A6BF-67D3AE2C3F69}.Debug|x86.Build.0 = Debug|Win32
		{BE03D7C9-02C0-4833-A6BF-67D3AE2C3F69}.Release|x64.ActiveCfg = Release|x64
		{BE03D7C9-02C0-4833-A6BF-67D3AE2C3F69}.Release|x64.Build.0 = Release|x64
		{BE03D7C9-02C0-4833-A6BF-67D3AE2C3F69}.Release|x86.ActiveCfg = Release|Win32
		{BE03D7C9-02C0-4833-A6BF-67D3AE2C3F69}.Release|x86.Build.0 = Release|Win32
		{CAAEB533-F961-480B-9EAC-DD7B1CDD67CA}.Debug|x64.ActiveCfg = Debug|x64
		{CAAEB533-F961-480B-9EAC-DD7B1CDD67CA}.Debug|x64.Build.0 = Debug|x64
		{CAAEB533-F961-480B-9EAC-DD7B1CDD67CA}.Debug|x86.ActiveCfg = Debug|Win32
		{CAAEB533-F961-480B-9EAC-DD7B1CDD67CA}.Debug|x86.Build.0 = Debug|Win32
		{CAAEB533-F961-480B-9EAC-DD7B1CDD67CA}.Release|x64.ActiveCfg = Release|x64
		{CAAEB533-F961-480B-9EAC-DD7B1CDD67CA}.Release|x64.Build.0 = Release|x64
		{CAAEB533-F961-480B-9EAC-DD7B1CDD67CA}.Release|x86.ActiveCfg = Release|Win32
		{CAAEB533-F961-480B-9EAC-DD7B1CDD67CA}.Release|x86.Build.0 = Release|Win32
	EndGlobalSection
	GlobalSection(SolutionProperties) = preSolution
		HideSolutionNode = FALSE
	EndGlobalSection
	GlobalSection(NestedProjects) = preSolution
		{AB6C38F4-C2A5-49B3-836E-6555A8E45D9E} = {C9BBF7B9-9A80-4EE0-AFA4-95DE44DEDDD2}
		{8F8C1DE3-B5A1-4B86-860E-43A684532F15} = {C9BBF7B9-9A80-4EE0-AFA4-95DE44DEDDD2}
		{7095C509-4D30-4D76-B88D-4DCC03A4F724} = {C9BBF7B9-9A80-4EE0-AFA4-95DE44DEDDD2}
		{7CE6E87C-AABD-4287-9339-B540E298B9F4} = {C9BBF7B9-9A80-4EE0-AFA4-95DE44DEDDD2}
	EndGlobalSection
	GlobalSection(ExtensibilityGlobals) = postSolution
		SolutionGuid = {F4A76BE1-56D9-431C-A6AD-AA4D0A9B6BA5}
	EndGlobalSection
EndGlobal
